
Microsoft Visual Studio Solution File, Format Version 12.00
# Visual Studio Version 17
VisualStudioVersion = 17.6.33712.159
MinimumVisualStudioVersion = 10.0.40219.1
Project("{FAE04EC0-301F-11D3-BF4B-00C04F79EFBC}") = "projekt", "projekt.csproj", "{22DEA6DC-E408-4F28-9774-2653DE8F2E9D}"
EndProject
Global
	GlobalSection(SolutionConfigurationPlatforms) = preSolution
		Debug|Any CPU = Debug|Any CPU
		Release|Any CPU = Release|Any CPU
	EndGlobalSection
	GlobalSection(ProjectConfigurationPlatforms) = postSolution
		{22DEA6DC-E408-4F28-9774-2653DE8F2E9D}.Debug|Any CPU.ActiveCfg = Debug|Any CPU
		{22DEA6DC-E408-4F28-9774-2653DE8F2E9D}.Debug|Any CPU.Build.0 = Debug|Any CPU
		{22DEA6DC-E408-4F28-9774-2653DE8F2E9D}.Release|Any CPU.ActiveCfg = Release|Any CPU
		{22DEA6DC-E408-4F28-9774-2653DE8F2E9D}.Release|Any CPU.Build.0 = Release|Any CPU
	EndGlobalSection
	GlobalSection(SolutionProperties) = preSolution
		HideSolutionNode = FALSE
	EndGlobalSection
	GlobalSection(ExtensibilityGlobals) = postSolution
		SolutionGuid = {94759807-F7CF-4A0D-8873-869B1A549D0E}
	EndGlobalSection
EndGlobal
